
Microsoft Visual Studio Solution File, Format Version 12.00
# Visual Studio Version 16
VisualStudioVersion = 16.0.29613.14
MinimumVisualStudioVersion = 10.0.40219.1
Project("{9A19103F-16F7-4668-BE54-9A1E7A4F7556}") = "SharpMonoInjector", "SharpMonoInjector\SharpMonoInjector.csproj", "{8CF7AFF2-F576-4D68-9EDB-8308ED5D7088}"
EndProject
Project("{FAE04EC0-301F-11D3-BF4B-00C04F79EFBC}") = "Injector", "Injector\Injector.csproj", "{3D9C6EAD-EA2B-4AD0-AF01-EF1805BE9425}"
EndProject
Project("{FAE04EC0-301F-11D3-BF4B-00C04F79EFBC}") = "SFTGTrainer", "SFTGTrainer\SFTGTrainer.csproj", "{8F17E7C8-396C-4F3F-BEDC-A6ECCBFE52E1}"
EndProject
Global
	GlobalSection(SolutionConfigurationPlatforms) = preSolution
		Debug|Any CPU = Debug|Any CPU
		Debug|x64 = Debug|x64
		Debug|x86 = Debug|x86
		Release|Any CPU = Release|Any CPU
		Release|x64 = Release|x64
		Release|x86 = Release|x86
	EndGlobalSection
	GlobalSection(ProjectConfigurationPlatforms) = postSolution
		{8CF7AFF2-F576-4D68-9EDB-8308ED5D7088}.Debug|Any CPU.ActiveCfg = Debug|Any CPU
		{8CF7AFF2-F576-4D68-9EDB-8308ED5D7088}.Debug|Any CPU.Build.0 = Debug|Any CPU
		{8CF7AFF2-F576-4D68-9EDB-8308ED5D7088}.Debug|x64.ActiveCfg = Debug|Any CPU
		{8CF7AFF2-F576-4D68-9EDB-8308ED5D7088}.Debug|x64.Build.0 = Debug|Any CPU
		{8CF7AFF2-F576-4D68-9EDB-8308ED5D7088}.Debug|x86.ActiveCfg = Debug|Any CPU
		{8CF7AFF2-F576-4D68-9EDB-8308ED5D7088}.Debug|x86.Build.0 = Debug|Any CPU
		{8CF7AFF2-F576-4D68-9EDB-8308ED5D7088}.Release|Any CPU.ActiveCfg = Release|Any CPU
		{8CF7AFF2-F576-4D68-9EDB-8308ED5D7088}.Release|Any CPU.Build.0 = Release|Any CPU
		{8CF7AFF2-F576-4D68-9EDB-8308ED5D7088}.Release|x64.ActiveCfg = Release|Any CPU
		{8CF7AFF2-F576-4D68-9EDB-8308ED5D7088}.Release|x64.Build.0 = Release|Any CPU
		{8CF7AFF2-F576-4D68-9EDB-8308ED5D7088}.Release|x86.ActiveCfg = Release|Any CPU
		{8CF7AFF2-F576-4D68-9EDB-8308ED5D7088}.Release|x86.Build.0 = Release|Any CPU
		{3D9C6EAD-EA2B-4AD0-AF01-EF1805BE9425}.Debug|Any CPU.ActiveCfg = Debug|Any CPU
		{3D9C6EAD-EA2B-4AD0-AF01-EF1805BE9425}.Debug|Any CPU.Build.0 = Debug|Any CPU
		{3D9C6EAD-EA2B-4AD0-AF01-EF1805BE9425}.Debug|x64.ActiveCfg = Debug|Any CPU
		{3D9C6EAD-EA2B-4AD0-AF01-EF1805BE9425}.Debug|x64.Build.0 = Debug|Any CPU
		{3D9C6EAD-EA2B-4AD0-AF01-EF1805BE9425}.Debug|x86.ActiveCfg = Debug|Any CPU
		{3D9C6EAD-EA2B-4AD0-AF01-EF1805BE9425}.Debug|x86.Build.0 = Debug|Any CPU
		{3D9C6EAD-EA2B-4AD0-AF01-EF1805BE9425}.Release|Any CPU.ActiveCfg = Release|Any CPU
		{3D9C6EAD-EA2B-4AD0-AF01-EF1805BE9425}.Release|Any CPU.Build.0 = Release|Any CPU
		{3D9C6EAD-EA2B-4AD0-AF01-EF1805BE9425}.Release|x64.ActiveCfg = Release|Any CPU
		{3D9C6EAD-EA2B-4AD0-AF01-EF1805BE9425}.Release|x64.Build.0 = Release|Any CPU
		{3D9C6EAD-EA2B-4AD0-AF01-EF1805BE9425}.Release|x86.ActiveCfg = Release|Any CPU
		{3D9C6EAD-EA2B-4AD0-AF01-EF1805BE9425}.Release|x86.Build.0 = Release|Any CPU
		{8F17E7C8-396C-4F3F-BEDC-A6ECCBFE52E1}.Debug|Any CPU.ActiveCfg = Debug|Any CPU
		{8F17E7C8-396C-4F3F-BEDC-A6ECCBFE52E1}.Debug|Any CPU.Build.0 = Debug|Any CPU
		{8F17E7C8-396C-4F3F-BEDC-A6ECCBFE52E1}.Debug|x64.ActiveCfg = Debug|Any CPU
		{8F17E7C8-396C-4F3F-BEDC-A6ECCBFE52E1}.Debug|x64.Build.0 = Debug|Any CPU
		{8F17E7C8-396C-4F3F-BEDC-A6ECCBFE52E1}.Debug|x86.ActiveCfg = Debug|Any CPU
		{8F17E7C8-396C-4F3F-BEDC-A6ECCBFE52E1}.Debug|x86.Build.0 = Debug|Any CPU
		{8F17E7C8-396C-4F3F-BEDC-A6ECCBFE52E1}.Release|Any CPU.ActiveCfg = Release|Any CPU
		{8F17E7C8-396C-4F3F-BEDC-A6ECCBFE52E1}.Release|Any CPU.Build.0 = Release|Any CPU
		{8F17E7C8-396C-4F3F-BEDC-A6ECCBFE52E1}.Release|x64.ActiveCfg = Release|Any CPU
		{8F17E7C8-396C-4F3F-BEDC-A6ECCBFE52E1}.Release|x64.Build.0 = Release|Any CPU
		{8F17E7C8-396C-4F3F-BEDC-A6ECCBFE52E1}.Release|x86.ActiveCfg = Release|Any CPU
		{8F17E7C8-396C-4F3F-BEDC-A6ECCBFE52E1}.Release|x86.Build.0 = Release|Any CPU
	EndGlobalSection
	GlobalSection(SolutionProperties) = preSolution
		HideSolutionNode = FALSE
	EndGlobalSection
	GlobalSection(ExtensibilityGlobals) = postSolution
		SolutionGuid = {EF19DB4F-6CA3-45EF-B8A9-B4CE9D7F19AE}
	EndGlobalSection
EndGlobal
